PODS:
  - LookinServer (0.9.4)
  - SlideDrawer (1.0.3)

DEPENDENCIES:
  - LookinServer
  - SlideDrawer (from `../`)

SPEC REPOS:
  https://github.com/cocoapods/specs.git:
    - LookinServer

EXTERNAL SOURCES:
  SlideDrawer:
    :path: "../"

SPEC CHECKSUMS:
  LookinServer: 54eb99921647bda4068ff8776d842285e2bf0adb
  SlideDrawer: c2c6fd04477a84e789a7fff6833fb24be87b4f07

PODFILE CHECKSUM: a6f7a2ae9f138385f14ecc8aa3070d5d6994a95f

COCOAPODS: 1.7.5
