PODS:
  - LookinServer (1.0.0)
  - SlideDrawer (1.0.4)

DEPENDENCIES:
  - LookinServer
  - SlideDrawer (from `../`)

SPEC REPOS:
  https://cdn.cocoapods.org/:
    - LookinServer

EXTERNAL SOURCES:
  SlideDrawer:
    :path: "../"

SPEC CHECKSUMS:
  LookinServer: 0002891cd3cec5e082a910e897dfe71b4f06b89e
  SlideDrawer: cc304f676534779cf695da72c6501e4fc202767d

PODFILE CHECKSUM: f1cc34a36ed580203c26db86de02d678144246fd

COCOAPODS: 1.8.4
