PODS:
  - LookinServer (1.2.8):
    - LookinServer/Core (= 1.2.8)
  - LookinServer/Core (1.2.8)
  - SlideDrawer (2.0.0)

DEPENDENCIES:
  - LookinServer
  - SlideDrawer (from `../`)

SPEC REPOS:
  trunk:
    - LookinServer

EXTERNAL SOURCES:
  SlideDrawer:
    :path: "../"

SPEC CHECKSUMS:
  LookinServer: 1b2b61c6402ae29fa22182d48f5cd067b4e99e80
  SlideDrawer: 5ba22a9c9b3f6333448d2db925fdf0b2cd720973

PODFILE CHECKSUM: 919f17b35e1e523c964eeef3c5fdeb0e76cf11c3

COCOAPODS: 1.15.2
